
Microsoft Visual Studio Solution File, Format Version 12.00
# Visual Studio Version 17
VisualStudioVersion = 17.14.36603.0 d17.14
MinimumVisualStudioVersion = 10.0.40219.1
Project("{FAE04EC0-301F-11D3-BF4B-00C04F79EFBC}") = "Bai07", "Bai07.csproj", "{DF8322AC-3D1C-4AE6-B969-42B1848B6C23}"
EndProject
Global
	GlobalSection(SolutionConfigurationPlatforms) = preSolution
		Debug|Any CPU = Debug|Any CPU
		Release|Any CPU = Release|Any CPU
	EndGlobalSection
	GlobalSection(ProjectConfigurationPlatforms) = postSolution
		{DF8322AC-3D1C-4AE6-B969-42B1848B6C23}.Debug|Any CPU.ActiveCfg = Debug|Any CPU
		{DF8322AC-3D1C-4AE6-B969-42B1848B6C23}.Debug|Any CPU.Build.0 = Debug|Any CPU
		{DF8322AC-3D1C-4AE6-B969-42B1848B6C23}.Release|Any CPU.ActiveCfg = Release|Any CPU
		{DF8322AC-3D1C-4AE6-B969-42B1848B6C23}.Release|Any CPU.Build.0 = Release|Any CPU
	EndGlobalSection
	GlobalSection(SolutionProperties) = preSolution
		HideSolutionNode = FALSE
	EndGlobalSection
	GlobalSection(ExtensibilityGlobals) = postSolution
		SolutionGuid = {55131239-F2A3-4963-A7C9-1D670DF45258}
	EndGlobalSection
EndGlobal
