
Microsoft Visual Studio Solution File, Format Version 12.00
# Visual Studio Version 17
VisualStudioVersion = 17.14.36811.4 d17.14
MinimumVisualStudioVersion = 10.0.40219.1
Project("{FAE04EC0-301F-11D3-BF4B-00C04F79EFBC}") = "24520300_NguyenVanDien", "24520300_NguyenVanDien.csproj", "{8E558E06-806B-43C6-97FB-70223E6FA0E7}"
EndProject
Global
	GlobalSection(SolutionConfigurationPlatforms) = preSolution
		Debug|Any CPU = Debug|Any CPU
		Release|Any CPU = Release|Any CPU
	EndGlobalSection
	GlobalSection(ProjectConfigurationPlatforms) = postSolution
		{8E558E06-806B-43C6-97FB-70223E6FA0E7}.Debug|Any CPU.ActiveCfg = Debug|Any CPU
		{8E558E06-806B-43C6-97FB-70223E6FA0E7}.Debug|Any CPU.Build.0 = Debug|Any CPU
		{8E558E06-806B-43C6-97FB-70223E6FA0E7}.Release|Any CPU.ActiveCfg = Release|Any CPU
		{8E558E06-806B-43C6-97FB-70223E6FA0E7}.Release|Any CPU.Build.0 = Release|Any CPU
	EndGlobalSection
	GlobalSection(SolutionProperties) = preSolution
		HideSolutionNode = FALSE
	EndGlobalSection
	GlobalSection(ExtensibilityGlobals) = postSolution
		SolutionGuid = {63B82A4F-8483-4794-8923-68DE075FECCE}
	EndGlobalSection
EndGlobal
