
Microsoft Visual Studio Solution File, Format Version 12.00
# Visual Studio Version 17
VisualStudioVersion = 17.14.36717.8 d17.14
MinimumVisualStudioVersion = 10.0.40219.1
Project("{FAE04EC0-301F-11D3-BF4B-00C04F79EFBC}") = "Bai06", "Bai06.csproj", "{7D852F68-9C19-4B76-AD52-5B5F8E463AE1}"
EndProject
Global
	GlobalSection(SolutionConfigurationPlatforms) = preSolution
		Debug|Any CPU = Debug|Any CPU
		Release|Any CPU = Release|Any CPU
	EndGlobalSection
	GlobalSection(ProjectConfigurationPlatforms) = postSolution
		{7D852F68-9C19-4B76-AD52-5B5F8E463AE1}.Debug|Any CPU.ActiveCfg = Debug|Any CPU
		{7D852F68-9C19-4B76-AD52-5B5F8E463AE1}.Debug|Any CPU.Build.0 = Debug|Any CPU
		{7D852F68-9C19-4B76-AD52-5B5F8E463AE1}.Release|Any CPU.ActiveCfg = Release|Any CPU
		{7D852F68-9C19-4B76-AD52-5B5F8E463AE1}.Release|Any CPU.Build.0 = Release|Any CPU
	EndGlobalSection
	GlobalSection(SolutionProperties) = preSolution
		HideSolutionNode = FALSE
	EndGlobalSection
	GlobalSection(ExtensibilityGlobals) = postSolution
		SolutionGuid = {21BECA24-4C1F-4807-B4F4-53FE989095A6}
	EndGlobalSection
EndGlobal
